
Microsoft Visual Studio Solution File, Format Version 12.00
# Visual Studio Version 17
VisualStudioVersion = 17.7.34221.43
MinimumVisualStudioVersion = 10.0.40219.1
Project("{9A19103F-16F7-4668-BE54-9A1E7A4F7556}") = "Szyfr Homofoniczny", "Szyfr Homofoniczny.csproj", "{F4762291-9195-4C9D-A727-041CCED69B78}"
EndProject
Project("{FAE04EC0-301F-11D3-BF4B-00C04F79EFBC}") = "Szyfr Vigenere'a", "..\Szyfr Vigenere'a\Szyfr Vigenere'a.csproj", "{13AA6533-99B8-471D-9776-8356B4F95181}"
EndProject
Global
	GlobalSection(SolutionConfigurationPlatforms) = preSolution
		Debug|Any CPU = Debug|Any CPU
		Release|Any CPU = Release|Any CPU
	EndGlobalSection
	GlobalSection(ProjectConfigurationPlatforms) = postSolution
		{F4762291-9195-4C9D-A727-041CCED69B78}.Debug|Any CPU.ActiveCfg = Debug|Any CPU
		{F4762291-9195-4C9D-A727-041CCED69B78}.Debug|Any CPU.Build.0 = Debug|Any CPU
		{F4762291-9195-4C9D-A727-041CCED69B78}.Release|Any CPU.ActiveCfg = Release|Any CPU
		{F4762291-9195-4C9D-A727-041CCED69B78}.Release|Any CPU.Build.0 = Release|Any CPU
		{13AA6533-99B8-471D-9776-8356B4F95181}.Debug|Any CPU.ActiveCfg = Debug|Any CPU
		{13AA6533-99B8-471D-9776-8356B4F95181}.Debug|Any CPU.Build.0 = Debug|Any CPU
		{13AA6533-99B8-471D-9776-8356B4F95181}.Release|Any CPU.ActiveCfg = Release|Any CPU
		{13AA6533-99B8-471D-9776-8356B4F95181}.Release|Any CPU.Build.0 = Release|Any CPU
	EndGlobalSection
	GlobalSection(SolutionProperties) = preSolution
		HideSolutionNode = FALSE
	EndGlobalSection
	GlobalSection(ExtensibilityGlobals) = postSolution
		SolutionGuid = {E38C118C-15E0-4EE9-B36D-CF9710917E2A}
	EndGlobalSection
EndGlobal
